
Microsoft Visual Studio Solution File, Format Version 12.00
# Visual Studio Version 16
VisualStudioVersion = 16.0.29613.14
MinimumVisualStudioVersion = 10.0.40219.1
Project("{FAE04EC0-301F-11D3-BF4B-00C04F79EFBC}") = "The actual good one I promise", "The actual good one I promise\The actual good one I promise.csproj", "{739669E7-7747-4CD8-8155-CAEE0F84A72C}"
EndProject
Global
	GlobalSection(SolutionConfigurationPlatforms) = preSolution
		Debug|Any CPU = Debug|Any CPU
		Release|Any CPU = Release|Any CPU
	EndGlobalSection
	GlobalSection(ProjectConfigurationPlatforms) = postSolution
		{739669E7-7747-4CD8-8155-CAEE0F84A72C}.Debug|Any CPU.ActiveCfg = Debug|Any CPU
		{739669E7-7747-4CD8-8155-CAEE0F84A72C}.Debug|Any CPU.Build.0 = Debug|Any CPU
		{739669E7-7747-4CD8-8155-CAEE0F84A72C}.Release|Any CPU.ActiveCfg = Release|Any CPU
		{739669E7-7747-4CD8-8155-CAEE0F84A72C}.Release|Any CPU.Build.0 = Release|Any CPU
	EndGlobalSection
	GlobalSection(SolutionProperties) = preSolution
		HideSolutionNode = FALSE
	EndGlobalSection
	GlobalSection(ExtensibilityGlobals) = postSolution
		SolutionGuid = {A1215293-2F26-4D72-B6EA-3AA406851A80}
	EndGlobalSection
EndGlobal
